// !$*UTF8*$!
{
	archiveVersion = 1;
	classes = {
	};
	objectVersion = 77;
	objects = {

/* Begin PBXBuildFile section */
		3E3777B52F20B065004384E2 /* RIBs in Frameworks */ = {isa = PBXBuildFile; productRef = 3E3777B42F20B065004384E2 /* RIBs */; };
		3E3777BB2F20B3F8004384E2 /* AppRootBuilder.swift in Sources */ = {isa = PBXBuildFile; fileRef = 3E3777B62F20B3F8004384E2 /* AppRootBuilder.swift */; };
		3E3777BD2F20B3F8004384E2 /* AppRootInteractor.swift in Sources */ = {isa = PBXBuildFile; fileRef = 3E3777B72F20B3F8004384E2 /* AppRootInteractor.swift */; };
		3E3777BE2F20B3F8004384E2 /* AppRootRouter.swift in Sources */ = {isa = PBXBuildFile; fileRef = 3E3777B82F20B3F8004384E2 /* AppRootRouter.swift */; };
		3E3777C02F20B4D3004384E2 /* AppComponent.swift in Sources */ = {isa = PBXBuildFile; fileRef = 3E3777BF2F20B4D3004384E2 /* AppComponent.swift */; };
		3EF2C1962F20665000B42472 /* MainTabBarController.swift in Sources */ = {isa = PBXBuildFile; fileRef = 3EF2C1952F20665000B42472 /* MainTabBarController.swift */; };
		3EF2C1992F207A7F00B42472 /* HomeViewController.swift in Sources */ = {isa = PBXBuildFile; fileRef = 3EF2C1982F207A7F00B42472 /* HomeViewController.swift */; };
		3EF2C19B2F207A9E00B42472 /* HomeView.swift in Sources */ = {isa = PBXBuildFile; fileRef = 3EF2C19A2F207A9E00B42472 /* HomeView.swift */; };
		3EF2C19E2F208F7C00B42472 /* CalendarView.swift in Sources */ = {isa = PBXBuildFile; fileRef = 3EF2C19D2F208F7C00B42472 /* CalendarView.swift */; };
		3EF2C1A02F208F9100B42472 /* CalendarViewController.swift in Sources */ = {isa = PBXBuildFile; fileRef = 3EF2C19F2F208F9100B42472 /* CalendarViewController.swift */; };
		3EF2C1A22F2091F400B42472 /* CalendarDateProvider.swift in Sources */ = {isa = PBXBuildFile; fileRef = 3EF2C1A12F2091F400B42472 /* CalendarDateProvider.swift */; };
		3EF2C1A42F20A41D00B42472 /* CalendarBuilder.swift in Sources */ = {isa = PBXBuildFile; fileRef = 3EF2C1A32F20A41D00B42472 /* CalendarBuilder.swift */; };
		3EF2C1A62F20A43B00B42472 /* CalendarInteractor.swift in Sources */ = {isa = PBXBuildFile; fileRef = 3EF2C1A52F20A43B00B42472 /* CalendarInteractor.swift */; };
		3EF2C1AA2F20A45C00B42472 /* CalendarRouter.swift in Sources */ = {isa = PBXBuildFile; fileRef = 3EF2C1A92F20A45C00B42472 /* CalendarRouter.swift */; };
		55E40F8BA5677D14BC092866 /* Pods_iOS_StudyHub.framework in Frameworks */ = {isa = PBXBuildFile; fileRef = 27014D14E99BEA7CE0514479 /* Pods_iOS_StudyHub.framework */; };
		B09357992F1E444700E01BB7 /* ConcurrencyViewController.swift in Sources */ = {isa = PBXBuildFile; fileRef = B09357982F1E444700E01BB7 /* ConcurrencyViewController.swift */; };
		B093579B2F1E446E00E01BB7 /* ConcurrencyUser.swift in Sources */ = {isa = PBXBuildFile; fileRef = B093579A2F1E446E00E01BB7 /* ConcurrencyUser.swift */; };
		B093579D2F1E44F000E01BB7 /* ConcurrencyUserService.swift in Sources */ = {isa = PBXBuildFile; fileRef = B093579C2F1E44F000E01BB7 /* ConcurrencyUserService.swift */; };
		B093579F2F1E463500E01BB7 /* ConcurrencyUserViewModel.swift in Sources */ = {isa = PBXBuildFile; fileRef = B093579E2F1E463500E01BB7 /* ConcurrencyUserViewModel.swift */; };
		B0A5D8DF2EAA56B900DDF505 /* ImageCacheManager.swift in Sources */ = {isa = PBXBuildFile; fileRef = B0A5D8CF2EAA56B900DDF505 /* ImageCacheManager.swift */; };
		B0A5D8E12EAA56B900DDF505 /* DashboardViewModel.swift in Sources */ = {isa = PBXBuildFile; fileRef = B0A5D8C22EAA56B900DDF505 /* DashboardViewModel.swift */; };
		B0A5D8E32EAA56B900DDF505 /* ListOrderingViewController.swift in Sources */ = {isa = PBXBuildFile; fileRef = B0A5D8D52EAA56B900DDF505 /* ListOrderingViewController.swift */; };
		B0A5D8E42EAA56B900DDF505 /* UIComponentsDemoViewController.swift in Sources */ = {isa = PBXBuildFile; fileRef = B0A5D8CD2EAA56B900DDF505 /* UIComponentsDemoViewController.swift */; };
		B0A5D8E52EAA56B900DDF505 /* DashboardView.swift in Sources */ = {isa = PBXBuildFile; fileRef = B0A5D8C42EAA56B900DDF505 /* DashboardView.swift */; };
		B0A5D8E62EAA56B900DDF505 /* ListCell.swift in Sources */ = {isa = PBXBuildFile; fileRef = B0A5D8D32EAA56B900DDF505 /* ListCell.swift */; };
		B0A5D8E72EAA56B900DDF505 /* SimpleWebViewController.swift in Sources */ = {isa = PBXBuildFile; fileRef = B0A5D8DA2EAA56B900DDF505 /* SimpleWebViewController.swift */; };
		B0A5D8E82EAA56B900DDF505 /* CarouselView.swift in Sources */ = {isa = PBXBuildFile; fileRef = B0A5D8CA2EAA56B900DDF505 /* CarouselView.swift */; };
		B0A5D8E92EAA56B900DDF505 /* SFSafariWebViewController.swift in Sources */ = {isa = PBXBuildFile; fileRef = B0A5D8D82EAA56B900DDF505 /* SFSafariWebViewController.swift */; };
		B0A5D8EB2EAA56B900DDF505 /* HybridDashboardViewController.swift in Sources */ = {isa = PBXBuildFile; fileRef = B0A5D8C52EAA56B900DDF505 /* HybridDashboardViewController.swift */; };
		B0A5D8EC2EAA56B900DDF505 /* BarcodeViewController.swift in Sources */ = {isa = PBXBuildFile; fileRef = B0A5D8BC2EAA56B900DDF505 /* BarcodeViewController.swift */; };
		B0A5D8F12EAA56B900DDF505 /* DashboardDataModel.swift in Sources */ = {isa = PBXBuildFile; fileRef = B0A5D8C02EAA56B900DDF505 /* DashboardDataModel.swift */; };
		B0A5D8F32EAA56B900DDF505 /* MainViewController.swift in Sources */ = {isa = PBXBuildFile; fileRef = B0A5D8B92EAA56B900DDF505 /* MainViewController.swift */; };
		B0A5D8F52EAA56B900DDF505 /* UIComponentsDemoView.swift in Sources */ = {isa = PBXBuildFile; fileRef = B0A5D8CC2EAA56B900DDF505 /* UIComponentsDemoView.swift */; };
		B0A5D8F62EAA56B900DDF505 /* UserProfileView.swift in Sources */ = {isa = PBXBuildFile; fileRef = B0A5D8C82EAA56B900DDF505 /* UserProfileView.swift */; };
		B0A5D8F72EAA56B900DDF505 /* ImageCacheTestViewController.swift in Sources */ = {isa = PBXBuildFile; fileRef = B0A5D8D02EAA56B900DDF505 /* ImageCacheTestViewController.swift */; };
		B0A5D8F92EAA56B900DDF505 /* HybridUserProfileViewController.swift in Sources */ = {isa = PBXBuildFile; fileRef = B0A5D8C72EAA56B900DDF505 /* HybridUserProfileViewController.swift */; };
		B0A5D8FA2EAA56B900DDF505 /* StudyMenuTableViewCell.swift in Sources */ = {isa = PBXBuildFile; fileRef = B0A5D8BA2EAA56B900DDF505 /* StudyMenuTableViewCell.swift */; };
		B0A5D8FE2EAA56B900DDF505 /* SimpleWebViewController.xib in Resources */ = {isa = PBXBuildFile; fileRef = B0A5D8DB2EAA56B900DDF505 /* SimpleWebViewController.xib */; };
		B0A5D8FF2EAA56B900DDF505 /* BarcodeViewController.xib in Resources */ = {isa = PBXBuildFile; fileRef = B0A5D8BD2EAA56B900DDF505 /* BarcodeViewController.xib */; };
		B0A5D9002EAA56B900DDF505 /* ImageCacheTestViewController.xib in Resources */ = {isa = PBXBuildFile; fileRef = B0A5D8D12EAA56B900DDF505 /* ImageCacheTestViewController.xib */; };
		B0A5D9082EAA56C300DDF505 /* String+Extension.swift in Sources */ = {isa = PBXBuildFile; fileRef = B0A5D9032EAA56C300DDF505 /* String+Extension.swift */; };
		B0A5D9092EAA56C300DDF505 /* UICollectionView+Extension.swift in Sources */ = {isa = PBXBuildFile; fileRef = B0A5D9042EAA56C300DDF505 /* UICollectionView+Extension.swift */; };
		B0A5D90A2EAA56C300DDF505 /* UIColor+Extension.swift in Sources */ = {isa = PBXBuildFile; fileRef = B0A5D9052EAA56C300DDF505 /* UIColor+Extension.swift */; };
		B0A5D90B2EAA56C300DDF505 /* +Sets.swift in Sources */ = {isa = PBXBuildFile; fileRef = B0A5D9012EAA56C300DDF505 /* +Sets.swift */; };
		B0A5D90C2EAA56C300DDF505 /* UIImageView+Extension.swift in Sources */ = {isa = PBXBuildFile; fileRef = B0A5D9062EAA56C300DDF505 /* UIImageView+Extension.swift */; };
		B0A5D90D2EAA56C300DDF505 /* Sets.swift in Sources */ = {isa = PBXBuildFile; fileRef = B0A5D9022EAA56C300DDF505 /* Sets.swift */; };
		B0F423442D9C2597009AF119 /* Assets.xcassets in Resources */ = {isa = PBXBuildFile; fileRef = B0F4233B2D9C2597009AF119 /* Assets.xcassets */; };
		B0F423462D9C2597009AF119 /* LaunchScreen.storyboard in Resources */ = {isa = PBXBuildFile; fileRef = B0F4233E2D9C2597009AF119 /* LaunchScreen.storyboard */; };
		B0F423482D9C2597009AF119 /* AppDelegate.swift in Sources */ = {isa = PBXBuildFile; fileRef = B0F4233A2D9C2597009AF119 /* AppDelegate.swift */; };
		B0F423492D9C2597009AF119 /* SceneDelegate.swift in Sources */ = {isa = PBXBuildFile; fileRef = B0F423412D9C2597009AF119 /* SceneDelegate.swift */; };
/* End PBXBuildFile section */

/* Begin PBXFileReference section */
		0925E67CC07CEF847C2FFBFA /* Pods-iOS-StudyHub.debug.xcconfig */ = {isa = PBXFileReference; includeInIndex = 1; lastKnownFileType = text.xcconfig; name = "Pods-iOS-StudyHub.debug.xcconfig"; path = "Target Support Files/Pods-iOS-StudyHub/Pods-iOS-StudyHub.debug.xcconfig"; sourceTree = "<group>"; };
		27014D14E99BEA7CE0514479 /* Pods_iOS_StudyHub.framework */ = {isa = PBXFileReference; explicitFileType = wrapper.framework; includeInIndex = 0; path = Pods_iOS_StudyHub.framework; sourceTree = BUILT_PRODUCTS_DIR; };
		3E3777B62F20B3F8004384E2 /* AppRootBuilder.swift */ = {isa = PBXFileReference; lastKnownFileType = sourcecode.swift; path = AppRootBuilder.swift; sourceTree = "<group>"; };
		3E3777B72F20B3F8004384E2 /* AppRootInteractor.swift */ = {isa = PBXFileReference; lastKnownFileType = sourcecode.swift; path = AppRootInteractor.swift; sourceTree = "<group>"; };
		3E3777B82F20B3F8004384E2 /* AppRootRouter.swift */ = {isa = PBXFileReference; lastKnownFileType = sourcecode.swift; path = AppRootRouter.swift; sourceTree = "<group>"; };
		3E3777BF2F20B4D3004384E2 /* AppComponent.swift */ = {isa = PBXFileReference; lastKnownFileType = sourcecode.swift; path = AppComponent.swift; sourceTree = "<group>"; };
		3EF2C1952F20665000B42472 /* MainTabBarController.swift */ = {isa = PBXFileReference; lastKnownFileType = sourcecode.swift; path = MainTabBarController.swift; sourceTree = "<group>"; };
		3EF2C1982F207A7F00B42472 /* HomeViewController.swift */ = {isa = PBXFileReference; lastKnownFileType = sourcecode.swift; path = HomeViewController.swift; sourceTree = "<group>"; };
		3EF2C19A2F207A9E00B42472 /* HomeView.swift */ = {isa = PBXFileReference; lastKnownFileType = sourcecode.swift; path = HomeView.swift; sourceTree = "<group>"; };
		3EF2C19D2F208F7C00B42472 /* CalendarView.swift */ = {isa = PBXFileReference; lastKnownFileType = sourcecode.swift; path = CalendarView.swift; sourceTree = "<group>"; };
		3EF2C19F2F208F9100B42472 /* CalendarViewController.swift */ = {isa = PBXFileReference; lastKnownFileType = sourcecode.swift; path = CalendarViewController.swift; sourceTree = "<group>"; };
		3EF2C1A12F2091F400B42472 /* CalendarDateProvider.swift */ = {isa = PBXFileReference; lastKnownFileType = sourcecode.swift; path = CalendarDateProvider.swift; sourceTree = "<group>"; };
		3EF2C1A32F20A41D00B42472 /* CalendarBuilder.swift */ = {isa = PBXFileReference; lastKnownFileType = sourcecode.swift; path = CalendarBuilder.swift; sourceTree = "<group>"; };
		3EF2C1A52F20A43B00B42472 /* CalendarInteractor.swift */ = {isa = PBXFileReference; lastKnownFileType = sourcecode.swift; path = CalendarInteractor.swift; sourceTree = "<group>"; };
		3EF2C1A92F20A45C00B42472 /* CalendarRouter.swift */ = {isa = PBXFileReference; lastKnownFileType = sourcecode.swift; path = CalendarRouter.swift; sourceTree = "<group>"; };
		B09357982F1E444700E01BB7 /* ConcurrencyViewController.swift */ = {isa = PBXFileReference; lastKnownFileType = sourcecode.swift; path = ConcurrencyViewController.swift; sourceTree = "<group>"; };
		B093579A2F1E446E00E01BB7 /* ConcurrencyUser.swift */ = {isa = PBXFileReference; lastKnownFileType = sourcecode.swift; path = ConcurrencyUser.swift; sourceTree = "<group>"; };
		B093579C2F1E44F000E01BB7 /* ConcurrencyUserService.swift */ = {isa = PBXFileReference; lastKnownFileType = sourcecode.swift; path = ConcurrencyUserService.swift; sourceTree = "<group>"; };
		B093579E2F1E463500E01BB7 /* ConcurrencyUserViewModel.swift */ = {isa = PBXFileReference; lastKnownFileType = sourcecode.swift; path = ConcurrencyUserViewModel.swift; sourceTree = "<group>"; };
		B0A5D8B92EAA56B900DDF505 /* MainViewController.swift */ = {isa = PBXFileReference; lastKnownFileType = sourcecode.swift; path = MainViewController.swift; sourceTree = "<group>"; };
		B0A5D8BA2EAA56B900DDF505 /* StudyMenuTableViewCell.swift */ = {isa = PBXFileReference; lastKnownFileType = sourcecode.swift; path = StudyMenuTableViewCell.swift; sourceTree = "<group>"; };
		B0A5D8BC2EAA56B900DDF505 /* BarcodeViewController.swift */ = {isa = PBXFileReference; lastKnownFileType = sourcecode.swift; path = BarcodeViewController.swift; sourceTree = "<group>"; };
		B0A5D8BD2EAA56B900DDF505 /* BarcodeViewController.xib */ = {isa = PBXFileReference; lastKnownFileType = file.xib; path = BarcodeViewController.xib; sourceTree = "<group>"; };
		B0A5D8C02EAA56B900DDF505 /* DashboardDataModel.swift */ = {isa = PBXFileReference; lastKnownFileType = sourcecode.swift; path = DashboardDataModel.swift; sourceTree = "<group>"; };
		B0A5D8C22EAA56B900DDF505 /* DashboardViewModel.swift */ = {isa = PBXFileReference; lastKnownFileType = sourcecode.swift; path = DashboardViewModel.swift; sourceTree = "<group>"; };
		B0A5D8C42EAA56B900DDF505 /* DashboardView.swift */ = {isa = PBXFileReference; lastKnownFileType = sourcecode.swift; path = DashboardView.swift; sourceTree = "<group>"; };
		B0A5D8C52EAA56B900DDF505 /* HybridDashboardViewController.swift */ = {isa = PBXFileReference; lastKnownFileType = sourcecode.swift; path = HybridDashboardViewController.swift; sourceTree = "<group>"; };
		B0A5D8C72EAA56B900DDF505 /* HybridUserProfileViewController.swift */ = {isa = PBXFileReference; lastKnownFileType = sourcecode.swift; path = HybridUserProfileViewController.swift; sourceTree = "<group>"; };
		B0A5D8C82EAA56B900DDF505 /* UserProfileView.swift */ = {isa = PBXFileReference; lastKnownFileType = sourcecode.swift; path = UserProfileView.swift; sourceTree = "<group>"; };
		B0A5D8CA2EAA56B900DDF505 /* CarouselView.swift */ = {isa = PBXFileReference; lastKnownFileType = sourcecode.swift; path = CarouselView.swift; sourceTree = "<group>"; };
		B0A5D8CC2EAA56B900DDF505 /* UIComponentsDemoView.swift */ = {isa = PBXFileReference; lastKnownFileType = sourcecode.swift; path = UIComponentsDemoView.swift; sourceTree = "<group>"; };
		B0A5D8CD2EAA56B900DDF505 /* UIComponentsDemoViewController.swift */ = {isa = PBXFileReference; lastKnownFileType = sourcecode.swift; path = UIComponentsDemoViewController.swift; sourceTree = "<group>"; };
		B0A5D8CF2EAA56B900DDF505 /* ImageCacheManager.swift */ = {isa = PBXFileReference; lastKnownFileType = sourcecode.swift; path = ImageCacheManager.swift; sourceTree = "<group>"; };
		B0A5D8D02EAA56B900DDF505 /* ImageCacheTestViewController.swift */ = {isa = PBXFileReference; lastKnownFileType = sourcecode.swift; path = ImageCacheTestViewController.swift; sourceTree = "<group>"; };
		B0A5D8D12EAA56B900DDF505 /* ImageCacheTestViewController.xib */ = {isa = PBXFileReference; lastKnownFileType = file.xib; path = ImageCacheTestViewController.xib; sourceTree = "<group>"; };
		B0A5D8D32EAA56B900DDF505 /* ListCell.swift */ = {isa = PBXFileReference; lastKnownFileType = sourcecode.swift; path = ListCell.swift; sourceTree = "<group>"; };
		B0A5D8D52EAA56B900DDF505 /* ListOrderingViewController.swift */ = {isa = PBXFileReference; lastKnownFileType = sourcecode.swift; path = ListOrderingViewController.swift; sourceTree = "<group>"; };
		B0A5D8D82EAA56B900DDF505 /* SFSafariWebViewController.swift */ = {isa = PBXFileReference; lastKnownFileType = sourcecode.swift; path = SFSafariWebViewController.swift; sourceTree = "<group>"; };
		B0A5D8DA2EAA56B900DDF505 /* SimpleWebViewController.swift */ = {isa = PBXFileReference; lastKnownFileType = sourcecode.swift; path = SimpleWebViewController.swift; sourceTree = "<group>"; };
		B0A5D8DB2EAA56B900DDF505 /* SimpleWebViewController.xib */ = {isa = PBXFileReference; lastKnownFileType = file.xib; path = SimpleWebViewController.xib; sourceTree = "<group>"; };
		B0A5D9012EAA56C300DDF505 /* +Sets.swift */ = {isa = PBXFileReference; lastKnownFileType = sourcecode.swift; path = "+Sets.swift"; sourceTree = "<group>"; };
		B0A5D9022EAA56C300DDF505 /* Sets.swift */ = {isa = PBXFileReference; lastKnownFileType = sourcecode.swift; path = Sets.swift; sourceTree = "<group>"; };
		B0A5D9032EAA56C300DDF505 /* String+Extension.swift */ = {isa = PBXFileReference; lastKnownFileType = sourcecode.swift; path = "String+Extension.swift"; sourceTree = "<group>"; };
		B0A5D9042EAA56C300DDF505 /* UICollectionView+Extension.swift */ = {isa = PBXFileReference; lastKnownFileType = sourcecode.swift; path = "UICollectionView+Extension.swift"; sourceTree = "<group>"; };
		B0A5D9052EAA56C300DDF505 /* UIColor+Extension.swift */ = {isa = PBXFileReference; lastKnownFileType = sourcecode.swift; path = "UIColor+Extension.swift"; sourceTree = "<group>"; };
		B0A5D9062EAA56C300DDF505 /* UIImageView+Extension.swift */ = {isa = PBXFileReference; lastKnownFileType = sourcecode.swift; path = "UIImageView+Extension.swift"; sourceTree = "<group>"; };
		B0A5D9102EAA56E900DDF505 /* Info.plist */ = {isa = PBXFileReference; lastKnownFileType = text.plist.xml; path = Info.plist; sourceTree = "<group>"; };
		B0F423222D9C2584009AF119 /* iOS-StudyHub.app */ = {isa = PBXFileReference; explicitFileType = wrapper.application; includeInIndex = 0; path = "iOS-StudyHub.app"; sourceTree = BUILT_PRODUCTS_DIR; };
		B0F4233A2D9C2597009AF119 /* AppDelegate.swift */ = {isa = PBXFileReference; lastKnownFileType = sourcecode.swift; path = AppDelegate.swift; sourceTree = "<group>"; };
		B0F4233B2D9C2597009AF119 /* Assets.xcassets */ = {isa = PBXFileReference; lastKnownFileType = folder.assetcatalog; path = Assets.xcassets; sourceTree = "<group>"; };
		B0F4233D2D9C2597009AF119 /* Base */ = {isa = PBXFileReference; lastKnownFileType = file.storyboard; name = Base; path = Base.lproj/LaunchScreen.storyboard; sourceTree = "<group>"; };
		B0F423412D9C2597009AF119 /* SceneDelegate.swift */ = {isa = PBXFileReference; lastKnownFileType = sourcecode.swift; path = SceneDelegate.swift; sourceTree = "<group>"; };
		F98F3C01B0723A39887D753A /* Pods-iOS-StudyHub.release.xcconfig */ = {isa = PBXFileReference; includeInIndex = 1; lastKnownFileType = text.xcconfig; name = "Pods-iOS-StudyHub.release.xcconfig"; path = "Target Support Files/Pods-iOS-StudyHub/Pods-iOS-StudyHub.release.xcconfig"; sourceTree = "<group>"; };
/* End PBXFileReference section */

/* Begin PBXFrameworksBuildPhase section */
		B0F4231F2D9C2584009AF119 /* Frameworks */ = {
			isa = PBXFrameworksBuildPhase;
			buildActionMask = 2147483647;
			files = (
				3E3777B52F20B065004384E2 /* RIBs in Frameworks */,
				55E40F8BA5677D14BC092866 /* Pods_iOS_StudyHub.framework in Frameworks */,
			);
			runOnlyForDeploymentPostprocessing = 0;
		};
/* End PBXFrameworksBuildPhase section */

/* Begin PBXGroup section */
		19A55CB07B266F22172ECFA2 /* Pods */ = {
			isa = PBXGroup;
			children = (
				0925E67CC07CEF847C2FFBFA /* Pods-iOS-StudyHub.debug.xcconfig */,
				F98F3C01B0723A39887D753A /* Pods-iOS-StudyHub.release.xcconfig */,
			);
			path = Pods;
			sourceTree = "<group>";
		};
		2574F86E3A0D87D5596CF452 /* Frameworks */ = {
			isa = PBXGroup;
			children = (
				27014D14E99BEA7CE0514479 /* Pods_iOS_StudyHub.framework */,
			);
			name = Frameworks;
			sourceTree = "<group>";
		};
		3E3777BA2F20B3F8004384E2 /* AppRoot */ = {
			isa = PBXGroup;
			children = (
				3E3777BF2F20B4D3004384E2 /* AppComponent.swift */,
				3E3777B62F20B3F8004384E2 /* AppRootBuilder.swift */,
				3E3777B72F20B3F8004384E2 /* AppRootInteractor.swift */,
				3E3777B82F20B3F8004384E2 /* AppRootRouter.swift */,
			);
			path = AppRoot;
			sourceTree = "<group>";
		};
		3EF2C1942F2065CA00B42472 /* Project */ = {
			isa = PBXGroup;
			children = (
				3E3777BA2F20B3F8004384E2 /* AppRoot */,
				3EF2C19C2F207C3B00B42472 /* Home */,
				3EF2C1972F207A3B00B42472 /* Calender */,
				3EF2C1952F20665000B42472 /* MainTabBarController.swift */,
			);
			path = Project;
			sourceTree = "<group>";
		};
		3EF2C1972F207A3B00B42472 /* Calender */ = {
			isa = PBXGroup;
			children = (
				3EF2C1A12F2091F400B42472 /* CalendarDateProvider.swift */,
				3EF2C1A32F20A41D00B42472 /* CalendarBuilder.swift */,
				3EF2C19D2F208F7C00B42472 /* CalendarView.swift */,
				3EF2C19F2F208F9100B42472 /* CalendarViewController.swift */,
				3EF2C1A52F20A43B00B42472 /* CalendarInteractor.swift */,
				3EF2C1A92F20A45C00B42472 /* CalendarRouter.swift */,
			);
			path = Calender;
			sourceTree = "<group>";
		};
		3EF2C19C2F207C3B00B42472 /* Home */ = {
			isa = PBXGroup;
			children = (
				3EF2C19A2F207A9E00B42472 /* HomeView.swift */,
				3EF2C1982F207A7F00B42472 /* HomeViewController.swift */,
			);
			path = Home;
			sourceTree = "<group>";
		};
		B06EF8282DE9A5D300AD6051 /* Application */ = {
			isa = PBXGroup;
			children = (
				B0F4233A2D9C2597009AF119 /* AppDelegate.swift */,
				B0F423412D9C2597009AF119 /* SceneDelegate.swift */,
				B0F4233E2D9C2597009AF119 /* LaunchScreen.storyboard */,
			);
			path = Application;
			sourceTree = "<group>";
		};
		B06EF8292DE9A5E200AD6051 /* Resources */ = {
			isa = PBXGroup;
			children = (
				B0F4233B2D9C2597009AF119 /* Assets.xcassets */,
			);
			path = Resources;
			sourceTree = "<group>";
		};
		B09357952F1E435500E01BB7 /* Swift Concurrency */ = {
			isa = PBXGroup;
			children = (
				B09357A12F1E496200E01BB7 /* Service */,
				B09357A02F1E495C00E01BB7 /* Model */,
				B09357982F1E444700E01BB7 /* ConcurrencyViewController.swift */,
				B093579E2F1E463500E01BB7 /* ConcurrencyUserViewModel.swift */,
			);
			path = "Swift Concurrency";
			sourceTree = "<group>";
		};
		B09357A02F1E495C00E01BB7 /* Model */ = {
			isa = PBXGroup;
			children = (
				B093579A2F1E446E00E01BB7 /* ConcurrencyUser.swift */,
			);
			path = Model;
			sourceTree = "<group>";
		};
		B09357A12F1E496200E01BB7 /* Service */ = {
			isa = PBXGroup;
			children = (
				B093579C2F1E44F000E01BB7 /* ConcurrencyUserService.swift */,
			);
			path = Service;
			sourceTree = "<group>";
		};
		B0A5D8B12EAA56B900DDF505 /* Architecture */ = {
			isa = PBXGroup;
			children = (
			);
			path = Architecture;
			sourceTree = "<group>";
		};
		B0A5D8BB2EAA56B900DDF505 /* Main */ = {
			isa = PBXGroup;
			children = (
				B0A5D8B92EAA56B900DDF505 /* MainViewController.swift */,
				B0A5D8BA2EAA56B900DDF505 /* StudyMenuTableViewCell.swift */,
			);
			path = Main;
			sourceTree = "<group>";
		};
		B0A5D8BE2EAA56B900DDF505 /* AVFoundation-Barcode */ = {
			isa = PBXGroup;
			children = (
				B0A5D8BC2EAA56B900DDF505 /* BarcodeViewController.swift */,
				B0A5D8BD2EAA56B900DDF505 /* BarcodeViewController.xib */,
			);
			path = "AVFoundation-Barcode";
			sourceTree = "<group>";
		};
		B0A5D8BF2EAA56B900DDF505 /* Media & Camera */ = {
			isa = PBXGroup;
			children = (
				B0A5D8BE2EAA56B900DDF505 /* AVFoundation-Barcode */,
			);
			path = "Media & Camera";
			sourceTree = "<group>";
		};
		B0A5D8C12EAA56B900DDF505 /* DataModel */ = {
			isa = PBXGroup;
			children = (
				B0A5D8C02EAA56B900DDF505 /* DashboardDataModel.swift */,
			);
			path = DataModel;
			sourceTree = "<group>";
		};
		B0A5D8C32EAA56B900DDF505 /* ViewModel */ = {
			isa = PBXGroup;
			children = (
				B0A5D8C22EAA56B900DDF505 /* DashboardViewModel.swift */,
			);
			path = ViewModel;
			sourceTree = "<group>";
		};
		B0A5D8C62EAA56B900DDF505 /* Dashboard */ = {
			isa = PBXGroup;
			children = (
				B0A5D8C12EAA56B900DDF505 /* DataModel */,
				B0A5D8C32EAA56B900DDF505 /* ViewModel */,
				B0A5D8C42EAA56B900DDF505 /* DashboardView.swift */,
				B0A5D8C52EAA56B900DDF505 /* HybridDashboardViewController.swift */,
			);
			path = Dashboard;
			sourceTree = "<group>";
		};
		B0A5D8C92EAA56B900DDF505 /* SwiftUI+UIKit */ = {
			isa = PBXGroup;
			children = (
				B0A5D8C62EAA56B900DDF505 /* Dashboard */,
				B0A5D8C72EAA56B900DDF505 /* HybridUserProfileViewController.swift */,
				B0A5D8C82EAA56B900DDF505 /* UserProfileView.swift */,
			);
			path = "SwiftUI+UIKit";
			sourceTree = "<group>";
		};
		B0A5D8CB2EAA56B900DDF505 /* Carousel */ = {
			isa = PBXGroup;
			children = (
				B0A5D8CA2EAA56B900DDF505 /* CarouselView.swift */,
			);
			path = Carousel;
			sourceTree = "<group>";
		};
		B0A5D8CE2EAA56B900DDF505 /* CodeBaseUI */ = {
			isa = PBXGroup;
			children = (
				B0A5D8CC2EAA56B900DDF505 /* UIComponentsDemoView.swift */,
				B0A5D8CD2EAA56B900DDF505 /* UIComponentsDemoViewController.swift */,
			);
			path = CodeBaseUI;
			sourceTree = "<group>";
		};
		B0A5D8D22EAA56B900DDF505 /* ImageCache */ = {
			isa = PBXGroup;
			children = (
				B0A5D8CF2EAA56B900DDF505 /* ImageCacheManager.swift */,
				B0A5D8D02EAA56B900DDF505 /* ImageCacheTestViewController.swift */,
				B0A5D8D12EAA56B900DDF505 /* ImageCacheTestViewController.xib */,
			);
			path = ImageCache;
			sourceTree = "<group>";
		};
		B0A5D8D42EAA56B900DDF505 /* Cell */ = {
			isa = PBXGroup;
			children = (
				B0A5D8D32EAA56B900DDF505 /* ListCell.swift */,
			);
			path = Cell;
			sourceTree = "<group>";
		};
		B0A5D8D62EAA56B900DDF505 /* ListOrdering_CollectionView */ = {
			isa = PBXGroup;
			children = (
				B0A5D8D42EAA56B900DDF505 /* Cell */,
				B0A5D8D52EAA56B900DDF505 /* ListOrderingViewController.swift */,
			);
			path = ListOrdering_CollectionView;
			sourceTree = "<group>";
		};
		B0A5D8D72EAA56B900DDF505 /* UIKit */ = {
			isa = PBXGroup;
			children = (
				B0A5D8CB2EAA56B900DDF505 /* Carousel */,
				B0A5D8CE2EAA56B900DDF505 /* CodeBaseUI */,
				B0A5D8D22EAA56B900DDF505 /* ImageCache */,
				B0A5D8D62EAA56B900DDF505 /* ListOrdering_CollectionView */,
			);
			path = UIKit;
			sourceTree = "<group>";
		};
		B0A5D8D92EAA56B900DDF505 /* SFSafariViewController */ = {
			isa = PBXGroup;
			children = (
				B0A5D8D82EAA56B900DDF505 /* SFSafariWebViewController.swift */,
			);
			path = SFSafariViewController;
			sourceTree = "<group>";
		};
		B0A5D8DC2EAA56B900DDF505 /* WKWebView */ = {
			isa = PBXGroup;
			children = (
				B0A5D8DA2EAA56B900DDF505 /* SimpleWebViewController.swift */,
				B0A5D8DB2EAA56B900DDF505 /* SimpleWebViewController.xib */,
			);
			path = WKWebView;
			sourceTree = "<group>";
		};
		B0A5D8DD2EAA56B900DDF505 /* Web & Browser */ = {
			isa = PBXGroup;
			children = (
				B0A5D8D92EAA56B900DDF505 /* SFSafariViewController */,
				B0A5D8DC2EAA56B900DDF505 /* WKWebView */,
			);
			path = "Web & Browser";
			sourceTree = "<group>";
		};
		B0A5D8DE2EAA56B900DDF505 /* Pages */ = {
			isa = PBXGroup;
			children = (
				B0A5D8BB2EAA56B900DDF505 /* Main */,
				B0A5D8B12EAA56B900DDF505 /* Architecture */,
				B0A5D8BF2EAA56B900DDF505 /* Media & Camera */,
				B0A5D8C92EAA56B900DDF505 /* SwiftUI+UIKit */,
				B0A5D8D72EAA56B900DDF505 /* UIKit */,
				B0A5D8DD2EAA56B900DDF505 /* Web & Browser */,
				B09357952F1E435500E01BB7 /* Swift Concurrency */,
			);
			path = Pages;
			sourceTree = "<group>";
		};
		B0A5D9072EAA56C300DDF505 /* Utils */ = {
			isa = PBXGroup;
			children = (
				B0A5D9012EAA56C300DDF505 /* +Sets.swift */,
				B0A5D9022EAA56C300DDF505 /* Sets.swift */,
				B0A5D9032EAA56C300DDF505 /* String+Extension.swift */,
				B0A5D9042EAA56C300DDF505 /* UICollectionView+Extension.swift */,
				B0A5D9052EAA56C300DDF505 /* UIColor+Extension.swift */,
				B0A5D9062EAA56C300DDF505 /* UIImageView+Extension.swift */,
			);
			path = Utils;
			sourceTree = "<group>";
		};
		B0A5D9112EAA56E900DDF505 /* SupportingFiles */ = {
			isa = PBXGroup;
			children = (
				B0A5D9102EAA56E900DDF505 /* Info.plist */,
			);
			path = SupportingFiles;
			sourceTree = "<group>";
		};
		B0F423192D9C2584009AF119 = {
			isa = PBXGroup;
			children = (
				B0F423432D9C2597009AF119 /* iOS-StudyHub */,
				B0F423232D9C2584009AF119 /* Products */,
				19A55CB07B266F22172ECFA2 /* Pods */,
				2574F86E3A0D87D5596CF452 /* Frameworks */,
			);
			sourceTree = "<group>";
		};
		B0F423232D9C2584009AF119 /* Products */ = {
			isa = PBXGroup;
			children = (
				B0F423222D9C2584009AF119 /* iOS-StudyHub.app */,
			);
			name = Products;
			sourceTree = "<group>";
		};
		B0F423432D9C2597009AF119 /* iOS-StudyHub */ = {
			isa = PBXGroup;
			children = (
				B06EF8282DE9A5D300AD6051 /* Application */,
				3EF2C1942F2065CA00B42472 /* Project */,
				B0A5D8DE2EAA56B900DDF505 /* Pages */,
				B0A5D9072EAA56C300DDF505 /* Utils */,
				B06EF8292DE9A5E200AD6051 /* Resources */,
				B0A5D9112EAA56E900DDF505 /* SupportingFiles */,
			);
			path = "iOS-StudyHub";
			sourceTree = "<group>";
		};
/* End PBXGroup section */

/* Begin PBXNativeTarget section */
		B0F423212D9C2584009AF119 /* iOS-StudyHub */ = {
			isa = PBXNativeTarget;
			buildConfigurationList = B0F423352D9C2587009AF119 /* Build configuration list for PBXNativeTarget "iOS-StudyHub" */;
			buildPhases = (
				6759EE869337BE8D5FF59AAC /* [CP] Check Pods Manifest.lock */,
				B0F4231E2D9C2584009AF119 /* Sources */,
				B0F4231F2D9C2584009AF119 /* Frameworks */,
				B0F423202D9C2584009AF119 /* Resources */,
				444248C862E575C14BEF9251 /* [CP] Embed Pods Frameworks */,
			);
			buildRules = (
			);
			dependencies = (
			);
			name = "iOS-StudyHub";
			productName = "iOS-StudyHub";
			productReference = B0F423222D9C2584009AF119 /* iOS-StudyHub.app */;
			productType = "com.apple.product-type.application";
		};
/* End PBXNativeTarget section */

/* Begin PBXProject section */
		B0F4231A2D9C2584009AF119 /* Project object */ = {
			isa = PBXProject;
			attributes = {
				BuildIndependentTargetsInParallel = 1;
				LastSwiftUpdateCheck = 1610;
				LastUpgradeCheck = 1610;
				TargetAttributes = {
					B0F423212D9C2584009AF119 = {
						CreatedOnToolsVersion = 16.1;
					};
				};
			};
			buildConfigurationList = B0F4231D2D9C2584009AF119 /* Build configuration list for PBXProject "iOS-StudyHub" */;
			developmentRegion = en;
			hasScannedForEncodings = 0;
			knownRegions = (
				en,
				Base,
			);
			mainGroup = B0F423192D9C2584009AF119;
			minimizedProjectReferenceProxies = 1;
			packageReferences = (
				3E3777B32F20B065004384E2 /* XCRemoteSwiftPackageReference "RIBs-iOS" */,
			);
			preferredProjectObjectVersion = 77;
			productRefGroup = B0F423232D9C2584009AF119 /* Products */;
			projectDirPath = "";
			projectRoot = "";
			targets = (
				B0F423212D9C2584009AF119 /* iOS-StudyHub */,
			);
		};
/* End PBXProject section */

/* Begin PBXResourcesBuildPhase section */
		B0F423202D9C2584009AF119 /* Resources */ = {
			isa = PBXResourcesBuildPhase;
			buildActionMask = 2147483647;
			files = (
				B0F423442D9C2597009AF119 /* Assets.xcassets in Resources */,
				B0A5D8FE2EAA56B900DDF505 /* SimpleWebViewController.xib in Resources */,
				B0A5D8FF2EAA56B900DDF505 /* BarcodeViewController.xib in Resources */,
				B0A5D9002EAA56B900DDF505 /* ImageCacheTestViewController.xib in Resources */,
				B0F423462D9C2597009AF119 /* LaunchScreen.storyboard in Resources */,
			);
			runOnlyForDeploymentPostprocessing = 0;
		};
/* End PBXResourcesBuildPhase section */

/* Begin PBXShellScriptBuildPhase section */
		444248C862E575C14BEF9251 /* [CP] Embed Pods Frameworks */ = {
			isa = PBXShellScriptBuildPhase;
			buildActionMask = 2147483647;
			files = (
			);
			inputFileListPaths = (
				"${PODS_ROOT}/Target Support Files/Pods-iOS-StudyHub/Pods-iOS-StudyHub-frameworks-${CONFIGURATION}-input-files.xcfilelist",
			);
			inputPaths = (
			);
			name = "[CP] Embed Pods Frameworks";
			outputFileListPaths = (
				"${PODS_ROOT}/Target Support Files/Pods-iOS-StudyHub/Pods-iOS-StudyHub-frameworks-${CONFIGURATION}-output-files.xcfilelist",
			);
			outputPaths = (
			);
			runOnlyForDeploymentPostprocessing = 0;
			shellPath = /bin/sh;
			shellScript = "\"${PODS_ROOT}/Target Support Files/Pods-iOS-StudyHub/Pods-iOS-StudyHub-frameworks.sh\"\n";
			showEnvVarsInLog = 0;
		};
		6759EE869337BE8D5FF59AAC /* [CP] Check Pods Manifest.lock */ = {
			isa = PBXShellScriptBuildPhase;
			buildActionMask = 2147483647;
			files = (
			);
			inputFileListPaths = (
			);
			inputPaths = (
				"${PODS_PODFILE_DIR_PATH}/Podfile.lock",
				"${PODS_ROOT}/Manifest.lock",
			);
			name = "[CP] Check Pods Manifest.lock";
			outputFileListPaths = (
			);
			outputPaths = (
				"$(DERIVED_FILE_DIR)/Pods-iOS-StudyHub-checkManifestLockResult.txt",
			);
			runOnlyForDeploymentPostprocessing = 0;
			shellPath = /bin/sh;
			shellScript = "diff \"${PODS_PODFILE_DIR_PATH}/Podfile.lock\" \"${PODS_ROOT}/Manifest.lock\" > /dev/null\nif [ $? != 0 ] ; then\n    # print error to STDERR\n    echo \"error: The sandbox is not in sync with the Podfile.lock. Run 'pod install' or update your CocoaPods installation.\" >&2\n    exit 1\nfi\n# This output is used by Xcode 'outputs' to avoid re-running this script phase.\necho \"SUCCESS\" > \"${SCRIPT_OUTPUT_FILE_0}\"\n";
			showEnvVarsInLog = 0;
		};
/* End PBXShellScriptBuildPhase section */

/* Begin PBXSourcesBuildPhase section */
		B0F4231E2D9C2584009AF119 /* Sources */ = {
			isa = PBXSourcesBuildPhase;
			buildActionMask = 2147483647;
			files = (
				B0A5D8DF2EAA56B900DDF505 /* ImageCacheManager.swift in Sources */,
				B0A5D8E12EAA56B900DDF505 /* DashboardViewModel.swift in Sources */,
				B0A5D8E32EAA56B900DDF505 /* ListOrderingViewController.swift in Sources */,
				B0A5D8E42EAA56B900DDF505 /* UIComponentsDemoViewController.swift in Sources */,
				B0A5D8E52EAA56B900DDF505 /* DashboardView.swift in Sources */,
				3EF2C1A22F2091F400B42472 /* CalendarDateProvider.swift in Sources */,
				B0A5D8E62EAA56B900DDF505 /* ListCell.swift in Sources */,
				B093579D2F1E44F000E01BB7 /* ConcurrencyUserService.swift in Sources */,
				3EF2C1A62F20A43B00B42472 /* CalendarInteractor.swift in Sources */,
				B0A5D8E72EAA56B900DDF505 /* SimpleWebViewController.swift in Sources */,
				B0A5D9082EAA56C300DDF505 /* String+Extension.swift in Sources */,
				B0A5D9092EAA56C300DDF505 /* UICollectionView+Extension.swift in Sources */,
				B0A5D90A2EAA56C300DDF505 /* UIColor+Extension.swift in Sources */,
				3EF2C1992F207A7F00B42472 /* HomeViewController.swift in Sources */,
				3EF2C1A02F208F9100B42472 /* CalendarViewController.swift in Sources */,
				3E3777BB2F20B3F8004384E2 /* AppRootBuilder.swift in Sources */,
				3E3777BD2F20B3F8004384E2 /* AppRootInteractor.swift in Sources */,
				3E3777BE2F20B3F8004384E2 /* AppRootRouter.swift in Sources */,
				B0A5D90B2EAA56C300DDF505 /* +Sets.swift in Sources */,
				3E3777C02F20B4D3004384E2 /* AppComponent.swift in Sources */,
				3EF2C19B2F207A9E00B42472 /* HomeView.swift in Sources */,
				B0A5D90C2EAA56C300DDF505 /* UIImageView+Extension.swift in Sources */,
				B09357992F1E444700E01BB7 /* ConcurrencyViewController.swift in Sources */,
				B093579B2F1E446E00E01BB7 /* ConcurrencyUser.swift in Sources */,
				B0A5D90D2EAA56C300DDF505 /* Sets.swift in Sources */,
				B0A5D8E82EAA56B900DDF505 /* CarouselView.swift in Sources */,
				B0A5D8E92EAA56B900DDF505 /* SFSafariWebViewController.swift in Sources */,
				3EF2C1AA2F20A45C00B42472 /* CalendarRouter.swift in Sources */,
				B0A5D8EB2EAA56B900DDF505 /* HybridDashboardViewController.swift in Sources */,
				B0A5D8EC2EAA56B900DDF505 /* BarcodeViewController.swift in Sources */,
				B0A5D8F12EAA56B900DDF505 /* DashboardDataModel.swift in Sources */,
				B0A5D8F32EAA56B900DDF505 /* MainViewController.swift in Sources */,
				B0A5D8F52EAA56B900DDF505 /* UIComponentsDemoView.swift in Sources */,
				B0A5D8F62EAA56B900DDF505 /* UserProfileView.swift in Sources */,
				B0A5D8F72EAA56B900DDF505 /* ImageCacheTestViewController.swift in Sources */,
				B093579F2F1E463500E01BB7 /* ConcurrencyUserViewModel.swift in Sources */,
				B0A5D8F92EAA56B900DDF505 /* HybridUserProfileViewController.swift in Sources */,
				B0A5D8FA2EAA56B900DDF505 /* StudyMenuTableViewCell.swift in Sources */,
				3EF2C1962F20665000B42472 /* MainTabBarController.swift in Sources */,
				B0F423482D9C2597009AF119 /* AppDelegate.swift in Sources */,
				3EF2C1A42F20A41D00B42472 /* CalendarBuilder.swift in Sources */,
				B0F423492D9C2597009AF119 /* SceneDelegate.swift in Sources */,
				3EF2C19E2F208F7C00B42472 /* CalendarView.swift in Sources */,
			);
			runOnlyForDeploymentPostprocessing = 0;
		};
/* End PBXSourcesBuildPhase section */

/* Begin PBXVariantGroup section */
		B0F4233E2D9C2597009AF119 /* LaunchScreen.storyboard */ = {
			isa = PBXVariantGroup;
			children = (
				B0F4233D2D9C2597009AF119 /* Base */,
			);
			name = LaunchScreen.storyboard;
			sourceTree = "<group>";
		};
/* End PBXVariantGroup section */

/* Begin XCBuildConfiguration section */
		B0F423362D9C2587009AF119 /* Debug */ = {
			isa = XCBuildConfiguration;
			baseConfigurationReference = 0925E67CC07CEF847C2FFBFA /* Pods-iOS-StudyHub.debug.xcconfig */;
			buildSettings = {
				ASSETCATALOG_COMPILER_APPICON_NAME = AppIcon;
				ASSETCATALOG_COMPILER_GLOBAL_ACCENT_COLOR_NAME = AccentColor;
				CODE_SIGN_STYLE = Automatic;
				CURRENT_PROJECT_VERSION = 1;
				DEVELOPMENT_TEAM = 22F59WHQP8;
				ENABLE_USER_SCRIPT_SANDBOXING = NO;
				GENERATE_INFOPLIST_FILE = YES;
				INFOPLIST_FILE = "iOS-StudyHub/SupportingFiles/Info.plist";
				INFOPLIST_KEY_UIApplicationSupportsIndirectInputEvents = YES;
				INFOPLIST_KEY_UILaunchStoryboardName = LaunchScreen;
				INFOPLIST_KEY_UISupportedInterfaceOrientations_iPad = "UIInterfaceOrientationPortrait UIInterfaceOrientationPortraitUpsideDown UIInterfaceOrientationLandscapeLeft UIInterfaceOrientationLandscapeRight";
				INFOPLIST_KEY_UISupportedInterfaceOrientations_iPhone = "UIInterfaceOrientationPortrait UIInterfaceOrientationLandscapeLeft UIInterfaceOrientationLandscapeRight";
				IPHONEOS_DEPLOYMENT_TARGET = 15.6;
				LD_RUNPATH_SEARCH_PATHS = (
					"$(inherited)",
					"@executable_path/Frameworks",
				);
				MARKETING_VERSION = 1.0;
				PRODUCT_BUNDLE_IDENTIFIER = "com.mjchoi.iOS-StudyHub";
				PRODUCT_NAME = "$(TARGET_NAME)";
				SWIFT_EMIT_LOC_STRINGS = YES;
				SWIFT_VERSION = 5.0;
				TARGETED_DEVICE_FAMILY = "1,2";
			};
			name = Debug;
		};
		B0F423372D9C2587009AF119 /* Release */ = {
			isa = XCBuildConfiguration;
			baseConfigurationReference = F98F3C01B0723A39887D753A /* Pods-iOS-StudyHub.release.xcconfig */;
			buildSettings = {
				ASSETCATALOG_COMPILER_APPICON_NAME = AppIcon;
				ASSETCATALOG_COMPILER_GLOBAL_ACCENT_COLOR_NAME = AccentColor;
				CODE_SIGN_STYLE = Automatic;
				CURRENT_PROJECT_VERSION = 1;
				DEVELOPMENT_TEAM = 22F59WHQP8;
				ENABLE_USER_SCRIPT_SANDBOXING = NO;
				GENERATE_INFOPLIST_FILE = YES;
				INFOPLIST_FILE = "iOS-StudyHub/SupportingFiles/Info.plist";
				INFOPLIST_KEY_UIApplicationSupportsIndirectInputEvents = YES;
				INFOPLIST_KEY_UILaunchStoryboardName = LaunchScreen;
				INFOPLIST_KEY_UISupportedInterfaceOrientations_iPad = "UIInterfaceOrientationPortrait UIInterfaceOrientationPortraitUpsideDown UIInterfaceOrientationLandscapeLeft UIInterfaceOrientationLandscapeRight";
				INFOPLIST_KEY_UISupportedInterfaceOrientations_iPhone = "UIInterfaceOrientationPortrait UIInterfaceOrientationLandscapeLeft UIInterfaceOrientationLandscapeRight";
				IPHONEOS_DEPLOYMENT_TARGET = 15.6;
				LD_RUNPATH_SEARCH_PATHS = (
					"$(inherited)",
					"@executable_path/Frameworks",
				);
				MARKETING_VERSION = 1.0;
				PRODUCT_BUNDLE_IDENTIFIER = "com.mjchoi.iOS-StudyHub";
				PRODUCT_NAME = "$(TARGET_NAME)";
				SWIFT_EMIT_LOC_STRINGS = YES;
				SWIFT_VERSION = 5.0;
				TARGETED_DEVICE_FAMILY = "1,2";
			};
			name = Release;
		};
		B0F423382D9C2587009AF119 /* Debug */ = {
			isa = XCBuildConfiguration;
			buildSettings = {
				ALWAYS_SEARCH_USER_PATHS = NO;
				ASSETCATALOG_COMPILER_GENERATE_SWIFT_ASSET_SYMBOL_EXTENSIONS = YES;
				CLANG_ANALYZER_NONNULL = YES;
				CLANG_ANALYZER_NUMBER_OBJECT_CONVERSION = YES_AGGRESSIVE;
				CLANG_CXX_LANGUAGE_STANDARD = "gnu++20";
				CLANG_ENABLE_MODULES = YES;
				CLANG_ENABLE_OBJC_ARC = YES;
				CLANG_ENABLE_OBJC_WEAK = YES;
				CLANG_WARN_BLOCK_CAPTURE_AUTORELEASING = YES;
				CLANG_WARN_BOOL_CONVERSION = YES;
				CLANG_WARN_COMMA = YES;
				CLANG_WARN_CONSTANT_CONVERSION = YES;
				CLANG_WARN_DEPRECATED_OBJC_IMPLEMENTATIONS = YES;
				CLANG_WARN_DIRECT_OBJC_ISA_USAGE = YES_ERROR;
				CLANG_WARN_DOCUMENTATION_COMMENTS = YES;
				CLANG_WARN_EMPTY_BODY = YES;
				CLANG_WARN_ENUM_CONVERSION = YES;
				CLANG_WARN_INFINITE_RECURSION = YES;
				CLANG_WARN_INT_CONVERSION = YES;
				CLANG_WARN_NON_LITERAL_NULL_CONVERSION = YES;
				CLANG_WARN_OBJC_IMPLICIT_RETAIN_SELF = YES;
				CLANG_WARN_OBJC_LITERAL_CONVERSION = YES;
				CLANG_WARN_OBJC_ROOT_CLASS = YES_ERROR;
				CLANG_WARN_QUOTED_INCLUDE_IN_FRAMEWORK_HEADER = YES;
				CLANG_WARN_RANGE_LOOP_ANALYSIS = YES;
				CLANG_WARN_STRICT_PROTOTYPES = YES;
				CLANG_WARN_SUSPICIOUS_MOVE = YES;
				CLANG_WARN_UNGUARDED_AVAILABILITY = YES_AGGRESSIVE;
				CLANG_WARN_UNREACHABLE_CODE = YES;
				CLANG_WARN__DUPLICATE_METHOD_MATCH = YES;
				COPY_PHASE_STRIP = NO;
				DEBUG_INFORMATION_FORMAT = dwarf;
				ENABLE_STRICT_OBJC_MSGSEND = YES;
				ENABLE_TESTABILITY = YES;
				ENABLE_USER_SCRIPT_SANDBOXING = YES;
				GCC_C_LANGUAGE_STANDARD = gnu17;
				GCC_DYNAMIC_NO_PIC = NO;
				GCC_NO_COMMON_BLOCKS = YES;
				GCC_OPTIMIZATION_LEVEL = 0;
				GCC_PREPROCESSOR_DEFINITIONS = (
					"DEBUG=1",
					"$(inherited)",
				);
				GCC_WARN_64_TO_32_BIT_CONVERSION = YES;
				GCC_WARN_ABOUT_RETURN_TYPE = YES_ERROR;
				GCC_WARN_UNDECLARED_SELECTOR = YES;
				GCC_WARN_UNINITIALIZED_AUTOS = YES_AGGRESSIVE;
				GCC_WARN_UNUSED_FUNCTION = YES;
				GCC_WARN_UNUSED_VARIABLE = YES;
				IPHONEOS_DEPLOYMENT_TARGET = 18.1;
				LOCALIZATION_PREFERS_STRING_CATALOGS = YES;
				MTL_ENABLE_DEBUG_INFO = INCLUDE_SOURCE;
				MTL_FAST_MATH = YES;
				ONLY_ACTIVE_ARCH = YES;
				SDKROOT = iphoneos;
				SWIFT_ACTIVE_COMPILATION_CONDITIONS = "DEBUG $(inherited)";
				SWIFT_OPTIMIZATION_LEVEL = "-Onone";
			};
			name = Debug;
		};
		B0F423392D9C2587009AF119 /* Release */ = {
			isa = XCBuildConfiguration;
			buildSettings = {
				ALWAYS_SEARCH_USER_PATHS = NO;
				ASSETCATALOG_COMPILER_GENERATE_SWIFT_ASSET_SYMBOL_EXTENSIONS = YES;
				CLANG_ANALYZER_NONNULL = YES;
				CLANG_ANALYZER_NUMBER_OBJECT_CONVERSION = YES_AGGRESSIVE;
				CLANG_CXX_LANGUAGE_STANDARD = "gnu++20";
				CLANG_ENABLE_MODULES = YES;
				CLANG_ENABLE_OBJC_ARC = YES;
				CLANG_ENABLE_OBJC_WEAK = YES;
				CLANG_WARN_BLOCK_CAPTURE_AUTORELEASING = YES;
				CLANG_WARN_BOOL_CONVERSION = YES;
				CLANG_WARN_COMMA = YES;
				CLANG_WARN_CONSTANT_CONVERSION = YES;
				CLANG_WARN_DEPRECATED_OBJC_IMPLEMENTATIONS = YES;
				CLANG_WARN_DIRECT_OBJC_ISA_USAGE = YES_ERROR;
				CLANG_WARN_DOCUMENTATION_COMMENTS = YES;
				CLANG_WARN_EMPTY_BODY = YES;
				CLANG_WARN_ENUM_CONVERSION = YES;
				CLANG_WARN_INFINITE_RECURSION = YES;
				CLANG_WARN_INT_CONVERSION = YES;
				CLANG_WARN_NON_LITERAL_NULL_CONVERSION = YES;
				CLANG_WARN_OBJC_IMPLICIT_RETAIN_SELF = YES;
				CLANG_WARN_OBJC_LITERAL_CONVERSION = YES;
				CLANG_WARN_OBJC_ROOT_CLASS = YES_ERROR;
				CLANG_WARN_QUOTED_INCLUDE_IN_FRAMEWORK_HEADER = YES;
				CLANG_WARN_RANGE_LOOP_ANALYSIS = YES;
				CLANG_WARN_STRICT_PROTOTYPES = YES;
				CLANG_WARN_SUSPICIOUS_MOVE = YES;
				CLANG_WARN_UNGUARDED_AVAILABILITY = YES_AGGRESSIVE;
				CLANG_WARN_UNREACHABLE_CODE = YES;
				CLANG_WARN__DUPLICATE_METHOD_MATCH = YES;
				COPY_PHASE_STRIP = NO;
				DEBUG_INFORMATION_FORMAT = "dwarf-with-dsym";
				ENABLE_NS_ASSERTIONS = NO;
				ENABLE_STRICT_OBJC_MSGSEND = YES;
				ENABLE_USER_SCRIPT_SANDBOXING = YES;
				GCC_C_LANGUAGE_STANDARD = gnu17;
				GCC_NO_COMMON_BLOCKS = YES;
				GCC_WARN_64_TO_32_BIT_CONVERSION = YES;
				GCC_WARN_ABOUT_RETURN_TYPE = YES_ERROR;
				GCC_WARN_UNDECLARED_SELECTOR = YES;
				GCC_WARN_UNINITIALIZED_AUTOS = YES_AGGRESSIVE;
				GCC_WARN_UNUSED_FUNCTION = YES;
				GCC_WARN_UNUSED_VARIABLE = YES;
				IPHONEOS_DEPLOYMENT_TARGET = 18.1;
				LOCALIZATION_PREFERS_STRING_CATALOGS = YES;
				MTL_ENABLE_DEBUG_INFO = NO;
				MTL_FAST_MATH = YES;
				SDKROOT = iphoneos;
				SWIFT_COMPILATION_MODE = wholemodule;
				VALIDATE_PRODUCT = YES;
			};
			name = Release;
		};
/* End XCBuildConfiguration section */

/* Begin XCConfigurationList section */
		B0F4231D2D9C2584009AF119 /* Build configuration list for PBXProject "iOS-StudyHub" */ = {
			isa = XCConfigurationList;
			buildConfigurations = (
				B0F423382D9C2587009AF119 /* Debug */,
				B0F423392D9C2587009AF119 /* Release */,
			);
			defaultConfigurationIsVisible = 0;
			defaultConfigurationName = Release;
		};
		B0F423352D9C2587009AF119 /* Build configuration list for PBXNativeTarget "iOS-StudyHub" */ = {
			isa = XCConfigurationList;
			buildConfigurations = (
				B0F423362D9C2587009AF119 /* Debug */,
				B0F423372D9C2587009AF119 /* Release */,
			);
			defaultConfigurationIsVisible = 0;
			defaultConfigurationName = Release;
		};
/* End XCConfigurationList section */

/* Begin XCRemoteSwiftPackageReference section */
		3E3777B32F20B065004384E2 /* XCRemoteSwiftPackageReference "RIBs-iOS" */ = {
			isa = XCRemoteSwiftPackageReference;
			repositoryURL = "https://github.com/uber/RIBs-iOS.git";
			requirement = {
				kind = upToNextMajorVersion;
				minimumVersion = 1.0.0;
			};
		};
/* End XCRemoteSwiftPackageReference section */

/* Begin XCSwiftPackageProductDependency section */
		3E3777B42F20B065004384E2 /* RIBs */ = {
			isa = XCSwiftPackageProductDependency;
			package = 3E3777B32F20B065004384E2 /* XCRemoteSwiftPackageReference "RIBs-iOS" */;
			productName = RIBs;
		};
/* End XCSwiftPackageProductDependency section */
	};
	rootObject = B0F4231A2D9C2584009AF119 /* Project object */;
}
